
Microsoft Visual Studio Solution File, Format Version 12.00
# Visual Studio 15
VisualStudioVersion = 15.0.28307.1758
MinimumVisualStudioVersion = 10.0.40219.1
Project("{FAE04EC0-301F-11D3-BF4B-00C04F79EFBC}") = "festadapaula", "festadapaula\festadapaula.csproj", "{3BF5E9F5-A8C5-4B19-92FF-BF4CEB319E2A}"
EndProject
Global
	GlobalSection(SolutionConfigurationPlatforms) = preSolution
		Debug|Any CPU = Debug|Any CPU
		Release|Any CPU = Release|Any CPU
	EndGlobalSection
	GlobalSection(ProjectConfigurationPlatforms) = postSolution
		{3BF5E9F5-A8C5-4B19-92FF-BF4CEB319E2A}.Debug|Any CPU.ActiveCfg = Debug|Any CPU
		{3BF5E9F5-A8C5-4B19-92FF-BF4CEB319E2A}.Debug|Any CPU.Build.0 = Debug|Any CPU
		{3BF5E9F5-A8C5-4B19-92FF-BF4CEB319E2A}.Release|Any CPU.ActiveCfg = Release|Any CPU
		{3BF5E9F5-A8C5-4B19-92FF-BF4CEB319E2A}.Release|Any CPU.Build.0 = Release|Any CPU
	EndGlobalSection
	GlobalSection(SolutionProperties) = preSolution
		HideSolutionNode = FALSE
	EndGlobalSection
	GlobalSection(ExtensibilityGlobals) = postSolution
		SolutionGuid = {C275BBCD-37F9-4800-9E4B-74E8145A6B77}
	EndGlobalSection
EndGlobal
